
Microsoft Visual Studio Solution File, Format Version 12.00
# Visual Studio Version 17
VisualStudioVersion = 17.10.35122.118
MinimumVisualStudioVersion = 10.0.40219.1
Project("{9A19103F-16F7-4668-BE54-9A1E7A4F7556}") = "ClusteringApp", "ClusteringApp.csproj", "{879BA899-5162-48E0-83E9-152E9B8C5B60}"
EndProject
Global
	GlobalSection(SolutionConfigurationPlatforms) = preSolution
		Debug|Any CPU = Debug|Any CPU
		Release|Any CPU = Release|Any CPU
	EndGlobalSection
	GlobalSection(ProjectConfigurationPlatforms) = postSolution
		{879BA899-5162-48E0-83E9-152E9B8C5B60}.Debug|Any CPU.ActiveCfg = Debug|Any CPU
		{879BA899-5162-48E0-83E9-152E9B8C5B60}.Debug|Any CPU.Build.0 = Debug|Any CPU
		{879BA899-5162-48E0-83E9-152E9B8C5B60}.Release|Any CPU.ActiveCfg = Release|Any CPU
		{879BA899-5162-48E0-83E9-152E9B8C5B60}.Release|Any CPU.Build.0 = Release|Any CPU
	EndGlobalSection
	GlobalSection(SolutionProperties) = preSolution
		HideSolutionNode = FALSE
	EndGlobalSection
	GlobalSection(ExtensibilityGlobals) = postSolution
		SolutionGuid = {FFE5F72C-6CCD-4A6B-A555-6C0E229A60F6}
	EndGlobalSection
EndGlobal
